
Microsoft Visual Studio Solution File, Format Version 12.00
# Visual Studio Version 16
VisualStudioVersion = 16.0.29613.14
MinimumVisualStudioVersion = 10.0.40219.1
Project("{FAE04EC0-301F-11D3-BF4B-00C04F79EFBC}") = "ASP_Intro_1920", "ASP_Intro_1920\ASP_Intro_1920.csproj", "{BA93053C-EF39-4B08-A021-4993DD737111}"
EndProject
Global
	GlobalSection(SolutionConfigurationPlatforms) = preSolution
		Debug|Any CPU = Debug|Any CPU
		Release|Any CPU = Release|Any CPU
	EndGlobalSection
	GlobalSection(ProjectConfigurationPlatforms) = postSolution
		{BA93053C-EF39-4B08-A021-4993DD737111}.Debug|Any CPU.ActiveCfg = Debug|Any CPU
		{BA93053C-EF39-4B08-A021-4993DD737111}.Debug|Any CPU.Build.0 = Debug|Any CPU
		{BA93053C-EF39-4B08-A021-4993DD737111}.Release|Any CPU.ActiveCfg = Release|Any CPU
		{BA93053C-EF39-4B08-A021-4993DD737111}.Release|Any CPU.Build.0 = Release|Any CPU
	EndGlobalSection
	GlobalSection(SolutionProperties) = preSolution
		HideSolutionNode = FALSE
	EndGlobalSection
	GlobalSection(ExtensibilityGlobals) = postSolution
		SolutionGuid = {2C928B40-5EBC-4CDA-88FA-B6265A09F5D0}
	EndGlobalSection
EndGlobal
